
Microsoft Visual Studio Solution File, Format Version 12.00
# Visual Studio Version 17
VisualStudioVersion = 17.14.36301.6 d17.14
MinimumVisualStudioVersion = 10.0.40219.1
Project("{FAE04EC0-301F-11D3-BF4B-00C04F79EFBC}") = "MinhaPrimeiraApp", "MinhaPrimeiraApp\MinhaPrimeiraApp.csproj", "{87A69093-EB9B-48AB-98FC-6CFEB0785F1C}"
EndProject
Project("{FAE04EC0-301F-11D3-BF4B-00C04F79EFBC}") = "MinhaPrimeiraApp.Client", "MinhaPrimeiraApp.Client\MinhaPrimeiraApp.Client.csproj", "{4AADEB05-FE66-4A4D-AB31-655923475679}"
EndProject
Global
	GlobalSection(SolutionConfigurationPlatforms) = preSolution
		Debug|Any CPU = Debug|Any CPU
		Release|Any CPU = Release|Any CPU
	EndGlobalSection
	GlobalSection(ProjectConfigurationPlatforms) = postSolution
		{87A69093-EB9B-48AB-98FC-6CFEB0785F1C}.Debug|Any CPU.ActiveCfg = Debug|Any CPU
		{87A69093-EB9B-48AB-98FC-6CFEB0785F1C}.Debug|Any CPU.Build.0 = Debug|Any CPU
		{87A69093-EB9B-48AB-98FC-6CFEB0785F1C}.Release|Any CPU.ActiveCfg = Release|Any CPU
		{87A69093-EB9B-48AB-98FC-6CFEB0785F1C}.Release|Any CPU.Build.0 = Release|Any CPU
		{4AADEB05-FE66-4A4D-AB31-655923475679}.Debug|Any CPU.ActiveCfg = Debug|Any CPU
		{4AADEB05-FE66-4A4D-AB31-655923475679}.Debug|Any CPU.Build.0 = Debug|Any CPU
		{4AADEB05-FE66-4A4D-AB31-655923475679}.Release|Any CPU.ActiveCfg = Release|Any CPU
		{4AADEB05-FE66-4A4D-AB31-655923475679}.Release|Any CPU.Build.0 = Release|Any CPU
	EndGlobalSection
	GlobalSection(SolutionProperties) = preSolution
		HideSolutionNode = FALSE
	EndGlobalSection
	GlobalSection(ExtensibilityGlobals) = postSolution
		SolutionGuid = {517E475E-0323-44C5-903D-813C3504BFFC}
	EndGlobalSection
EndGlobal
