
Microsoft Visual Studio Solution File, Format Version 12.00
# Visual Studio Version 17
VisualStudioVersion = 17.11.35431.28
MinimumVisualStudioVersion = 10.0.40219.1
Project("{FAE04EC0-301F-11D3-BF4B-00C04F79EFBC}") = "DemoRazorPage", "DemoRazorPage.csproj", "{8C6D7598-B5FA-4D07-B35A-F2906D6BE29C}"
EndProject
Global
	GlobalSection(SolutionConfigurationPlatforms) = preSolution
		Debug|Any CPU = Debug|Any CPU
		Release|Any CPU = Release|Any CPU
	EndGlobalSection
	GlobalSection(ProjectConfigurationPlatforms) = postSolution
		{8C6D7598-B5FA-4D07-B35A-F2906D6BE29C}.Debug|Any CPU.ActiveCfg = Debug|Any CPU
		{8C6D7598-B5FA-4D07-B35A-F2906D6BE29C}.Debug|Any CPU.Build.0 = Debug|Any CPU
		{8C6D7598-B5FA-4D07-B35A-F2906D6BE29C}.Release|Any CPU.ActiveCfg = Release|Any CPU
		{8C6D7598-B5FA-4D07-B35A-F2906D6BE29C}.Release|Any CPU.Build.0 = Release|Any CPU
	EndGlobalSection
	GlobalSection(SolutionProperties) = preSolution
		HideSolutionNode = FALSE
	EndGlobalSection
	GlobalSection(ExtensibilityGlobals) = postSolution
		SolutionGuid = {0509EC0D-38DA-4583-8DB4-5C70CFE21A29}
	EndGlobalSection
EndGlobal
