Microsoft Visual Studio Solution File, Format Version 12.00
# Visual Studio Version 17
VisualStudioVersion = 17.5.2.0
MinimumVisualStudioVersion = 10.0.40219.1
Project("{FAE04EC0-301F-11D3-BF4B-00C04F79EFBC}") = "MinimalApiCli", "MinimalApiCli.csproj", "{D08F59C8-BDB0-4176-EF88-F5E13657AB80}"
EndProject
Global
	GlobalSection(SolutionConfigurationPlatforms) = preSolution
		Debug|Any CPU = Debug|Any CPU
		Release|Any CPU = Release|Any CPU
	EndGlobalSection
	GlobalSection(ProjectConfigurationPlatforms) = postSolution
		{D08F59C8-BDB0-4176-EF88-F5E13657AB80}.Debug|Any CPU.ActiveCfg = Debug|Any CPU
		{D08F59C8-BDB0-4176-EF88-F5E13657AB80}.Debug|Any CPU.Build.0 = Debug|Any CPU
		{D08F59C8-BDB0-4176-EF88-F5E13657AB80}.Release|Any CPU.ActiveCfg = Release|Any CPU
		{D08F59C8-BDB0-4176-EF88-F5E13657AB80}.Release|Any CPU.Build.0 = Release|Any CPU
	EndGlobalSection
	GlobalSection(SolutionProperties) = preSolution
		HideSolutionNode = FALSE
	EndGlobalSection
	GlobalSection(ExtensibilityGlobals) = postSolution
		SolutionGuid = {5BC84503-A0DD-4A25-8F19-52E2EF219A2C}
	EndGlobalSection
EndGlobal
