
Microsoft Visual Studio Solution File, Format Version 12.00
# Visual Studio Version 17
VisualStudioVersion = 17.11.35431.28
MinimumVisualStudioVersion = 10.0.40219.1
Project("{FAE04EC0-301F-11D3-BF4B-00C04F79EFBC}") = "DemoMVC-VS", "DemoMVC-VS.csproj", "{5867904B-6925-42B3-BA28-26B4B6932210}"
EndProject
Global
	GlobalSection(SolutionConfigurationPlatforms) = preSolution
		Debug|Any CPU = Debug|Any CPU
		Release|Any CPU = Release|Any CPU
	EndGlobalSection
	GlobalSection(ProjectConfigurationPlatforms) = postSolution
		{5867904B-6925-42B3-BA28-26B4B6932210}.Debug|Any CPU.ActiveCfg = Debug|Any CPU
		{5867904B-6925-42B3-BA28-26B4B6932210}.Debug|Any CPU.Build.0 = Debug|Any CPU
		{5867904B-6925-42B3-BA28-26B4B6932210}.Release|Any CPU.ActiveCfg = Release|Any CPU
		{5867904B-6925-42B3-BA28-26B4B6932210}.Release|Any CPU.Build.0 = Release|Any CPU
	EndGlobalSection
	GlobalSection(SolutionProperties) = preSolution
		HideSolutionNode = FALSE
	EndGlobalSection
	GlobalSection(ExtensibilityGlobals) = postSolution
		SolutionGuid = {5CCE4FFF-0FD4-4743-B79E-6C22A0BDD2C4}
	EndGlobalSection
EndGlobal
