Microsoft Visual Studio Solution File, Format Version 12.00
# Visual Studio Version 17
VisualStudioVersion = 17.5.2.0
MinimumVisualStudioVersion = 10.0.40219.1
Project("{FAE04EC0-301F-11D3-BF4B-00C04F79EFBC}") = "PrimeiraApiCli", "PrimeiraApiCli.csproj", "{DAE07889-B3DC-0B17-3AC0-708D6AB091B3}"
EndProject
Global
	GlobalSection(SolutionConfigurationPlatforms) = preSolution
		Debug|Any CPU = Debug|Any CPU
		Release|Any CPU = Release|Any CPU
	EndGlobalSection
	GlobalSection(ProjectConfigurationPlatforms) = postSolution
		{DAE07889-B3DC-0B17-3AC0-708D6AB091B3}.Debug|Any CPU.ActiveCfg = Debug|Any CPU
		{DAE07889-B3DC-0B17-3AC0-708D6AB091B3}.Debug|Any CPU.Build.0 = Debug|Any CPU
		{DAE07889-B3DC-0B17-3AC0-708D6AB091B3}.Release|Any CPU.ActiveCfg = Release|Any CPU
		{DAE07889-B3DC-0B17-3AC0-708D6AB091B3}.Release|Any CPU.Build.0 = Release|Any CPU
	EndGlobalSection
	GlobalSection(SolutionProperties) = preSolution
		HideSolutionNode = FALSE
	EndGlobalSection
	GlobalSection(ExtensibilityGlobals) = postSolution
		SolutionGuid = {0A3F271C-6AC6-46DB-8AA6-6DEE151832EE}
	EndGlobalSection
EndGlobal
